// !$*UTF8*$!
{
	archiveVersion = 1;
	classes = {
	};
	objectVersion = 50;
	objects = {

/* Begin PBXBuildFile section */
		A710A055237076BB00F2B967 /* AppDelegate.swift in Sources */ = {isa = PBXBuildFile; fileRef = A710A054237076BB00F2B967 /* AppDelegate.swift */; };
		A710A057237076BB00F2B967 /* SceneDelegate.swift in Sources */ = {isa = PBXBuildFile; fileRef = A710A056237076BB00F2B967 /* SceneDelegate.swift */; };
		A710A059237076BB00F2B967 /* ViewController.swift in Sources */ = {isa = PBXBuildFile; fileRef = A710A058237076BB00F2B967 /* ViewController.swift */; };
		A710A05C237076BB00F2B967 /* Main.storyboard in Resources */ = {isa = PBXBuildFile; fileRef = A710A05A237076BB00F2B967 /* Main.storyboard */; };
		A710A05E237076BF00F2B967 /* Assets.xcassets in Resources */ = {isa = PBXBuildFile; fileRef = A710A05D237076BF00F2B967 /* Assets.xcassets */; };
		A710A061237076BF00F2B967 /* LaunchScreen.storyboard in Resources */ = {isa = PBXBuildFile; fileRef = A710A05F237076BF00F2B967 /* LaunchScreen.storyboard */; };
/* End PBXBuildFile section */

/* Begin PBXFileReference section */
		A710A051237076BB00F2B967 /* Demo_LearningSwift.app */ = {isa = PBXFileReference; explicitFileType = wrapper.application; includeInIndex = 0; path = Demo_LearningSwift.app; sourceTree = BUILT_PRODUCTS_DIR; };
		A710A054237076BB00F2B967 /* AppDelegate.swift */ = {isa = PBXFileReference; lastKnownFileType = sourcecode.swift; path = AppDelegate.swift; sourceTree = "<group>"; };
		A710A056237076BB00F2B967 /* SceneDelegate.swift */ = {isa = PBXFileReference; lastKnownFileType = sourcecode.swift; path = SceneDelegate.swift; sourceTree = "<group>"; };
		A710A058237076BB00F2B967 /* ViewController.swift */ = {isa = PBXFileReference; lastKnownFileType = sourcecode.swift; path = ViewController.swift; sourceTree = "<group>"; };
		A710A05B237076BB00F2B967 /* Base */ = {isa = PBXFileReference; lastKnownFileType = file.storyboard; name = Base; path = Base.lproj/Main.storyboard; sourceTree = "<group>"; };
		A710A05D237076BF00F2B967 /* Assets.xcassets */ = {isa = PBXFileReference; lastKnownFileType = folder.assetcatalog; path = Assets.xcassets; sourceTree = "<group>"; };
		A710A060237076BF00F2B967 /* Base */ = {isa = PBXFileReference; lastKnownFileType = file.storyboard; name = Base; path = Base.lproj/LaunchScreen.storyboard; sourceTree = "<group>"; };
		A710A062237076BF00F2B967 /* Info.plist */ = {isa = PBXFileReference; lastKnownFileType = text.plist.xml; path = Info.plist; sourceTree = "<group>"; };
/* End PBXFileReference section */

/* Begin PBXFrameworksBuildPhase section */
		A710A04E237076BB00F2B967 /* Frameworks */ = {
			isa = PBXFrameworksBuildPhase;
			buildActionMask = 2147483647;
			files = (
			);
			runOnlyForDeploymentPostprocessing = 0;
		};
/* End PBXFrameworksBuildPhase section */

/* Begin PBXGroup section */
		A710A048237076BB00F2B967 = {
			isa = PBXGroup;
			children = (
				A710A053237076BB00F2B967 /* Demo_LearningSwift */,
				A710A052237076BB00F2B967 /* Products */,
			);
			sourceTree = "<group>";
		};
		A710A052237076BB00F2B967 /* Products */ = {
			isa = PBXGroup;
			children = (
				A710A051237076BB00F2B967 /* Demo_LearningSwift.app */,
			);
			name = Products;
			sourceTree = "<group>";
		};
		A710A053237076BB00F2B967 /* Demo_LearningSwift */ = {
			isa = PBXGroup;
			children = (
				A710A054237076BB00F2B967 /* AppDelegate.swift */,
				A710A056237076BB00F2B967 /* SceneDelegate.swift */,
				A710A058237076BB00F2B967 /* ViewController.swift */,
				A710A05A237076BB00F2B967 /* Main.storyboard */,
				A710A05D237076BF00F2B967 /* Assets.xcassets */,
				A710A05F237076BF00F2B967 /* LaunchScreen.storyboard */,
				A710A062237076BF00F2B967 /* Info.plist */,
			);
			path = Demo_LearningSwift;
			sourceTree = "<group>";
		};
/* End PBXGroup section */

/* Begin PBXNativeTarget section */
		A710A050237076BB00F2B967 /* Demo_LearningSwift */ = {
			isa = PBXNativeTarget;
			buildConfigurationList = A710A065237076BF00F2B967 /* Build configuration list for PBXNativeTarget "Demo_LearningSwift" */;
			buildPhases = (
				A710A04D237076BB00F2B967 /* Sources */,
				A710A04E237076BB00F2B967 /* Frameworks */,
				A710A04F237076BB00F2B967 /* Resources */,
			);
			buildRules = (
			);
			dependencies = (
			);
			name = Demo_LearningSwift;
			productName = Demo_LearningSwift;
			productReference = A710A051237076BB00F2B967 /* Demo_LearningSwift.app */;
			productType = "com.apple.product-type.application";
		};
/* End PBXNativeTarget section */

/* Begin PBXProject section */
		A710A049237076BB00F2B967 /* Project object */ = {
			isa = PBXProject;
			attributes = {
				LastSwiftUpdateCheck = 1100;
				LastUpgradeCheck = 1100;
				ORGANIZATIONNAME = Melody;
				TargetAttributes = {
					A710A050237076BB00F2B967 = {
						CreatedOnToolsVersion = 11.0;
					};
				};
			};
			buildConfigurationList = A710A04C237076BB00F2B967 /* Build configuration list for PBXProject "Demo_LearningSwift" */;
			compatibilityVersion = "Xcode 9.3";
			developmentRegion = en;
			hasScannedForEncodings = 0;
			knownRegions = (
				en,
				Base,
			);
			mainGroup = A710A048237076BB00F2B967;
			productRefGroup = A710A052237076BB00F2B967 /* Products */;
			projectDirPath = "";
			projectRoot = "";
			targets = (
				A710A050237076BB00F2B967 /* Demo_LearningSwift */,
			);
		};
/* End PBXProject section */

/* Begin PBXResourcesBuildPhase section */
		A710A04F237076BB00F2B967 /* Resources */ = {
			isa = PBXResourcesBuildPhase;
			buildActionMask = 2147483647;
			files = (
				A710A061237076BF00F2B967 /* LaunchScreen.storyboard in Resources */,
				A710A05E237076BF00F2B967 /* Assets.xcassets in Resources */,
				A710A05C237076BB00F2B967 /* Main.storyboard in Resources */,
			);
			runOnlyForDeploymentPostprocessing = 0;
		};
/* End PBXResourcesBuildPhase section */

/* Begin PBXSourcesBuildPhase section */
		A710A04D237076BB00F2B967 /* Sources */ = {
			isa = PBXSourcesBuildPhase;
			buildActionMask = 2147483647;
			files = (
				A710A059237076BB00F2B967 /* ViewController.swift in Sources */,
				A710A055237076BB00F2B967 /* AppDelegate.swift in Sources */,
				A710A057237076BB00F2B967 /* SceneDelegate.swift in Sources */,
			);
			runOnlyForDeploymentPostprocessing = 0;
		};
/* End PBXSourcesBuildPhase section */

/* Begin PBXVariantGroup section */
		A710A05A237076BB00F2B967 /* Main.storyboard */ = {
			isa = PBXVariantGroup;
			children = (
				A710A05B237076BB00F2B967 /* Base */,
			);
			name = Main.storyboard;
			sourceTree = "<group>";
		};
		A710A05F237076BF00F2B967 /* LaunchScreen.storyboard */ = {
			isa = PBXVariantGroup;
			children = (
				A710A060237076BF00F2B967 /* Base */,
			);
			name = LaunchScreen.storyboard;
			sourceTree = "<group>";
		};
/* End PBXVariantGroup section */

/* Begin XCBuildConfiguration section */
		A710A063237076BF00F2B967 /* Debug */ = {
			isa = XCBuildConfiguration;
			buildSettings = {
				ALWAYS_SEARCH_USER_PATHS = NO;
				CLANG_ANALYZER_NONNULL = YES;
				CLANG_ANALYZER_NUMBER_OBJECT_CONVERSION = YES_AGGRESSIVE;
				CLANG_CXX_LANGUAGE_STANDARD = "gnu++14";
				CLANG_CXX_LIBRARY = "libc++";
				CLANG_ENABLE_MODULES = YES;
				CLANG_ENABLE_OBJC_ARC = YES;
				CLANG_ENABLE_OBJC_WEAK = YES;
				CLANG_WARN_BLOCK_CAPTURE_AUTORELEASING = YES;
				CLANG_WARN_BOOL_CONVERSION = YES;
				CLANG_WARN_COMMA = YES;
				CLANG_WARN_CONSTANT_CONVERSION = YES;
				CLANG_WARN_DEPRECATED_OBJC_IMPLEMENTATIONS = YES;
				CLANG_WARN_DIRECT_OBJC_ISA_USAGE = YES_ERROR;
				CLANG_WARN_DOCUMENTATION_COMMENTS = YES;
				CLANG_WARN_EMPTY_BODY = YES;
				CLANG_WARN_ENUM_CONVERSION = YES;
				CLANG_WARN_INFINITE_RECURSION = YES;
				CLANG_WARN_INT_CONVERSION = YES;
				CLANG_WARN_NON_LITERAL_NULL_CONVERSION = YES;
				CLANG_WARN_OBJC_IMPLICIT_RETAIN_SELF = YES;
				CLANG_WARN_OBJC_LITERAL_CONVERSION = YES;
				CLANG_WARN_OBJC_ROOT_CLASS = YES_ERROR;
				CLANG_WARN_RANGE_LOOP_ANALYSIS = YES;
				CLANG_WARN_STRICT_PROTOTYPES = YES;
				CLANG_WARN_SUSPICIOUS_MOVE = YES;
				CLANG_WARN_UNGUARDED_AVAILABILITY = YES_AGGRESSIVE;
				CLANG_WARN_UNREACHABLE_CODE = YES;
				CLANG_WARN__DUPLICATE_METHOD_MATCH = YES;
				COPY_PHASE_STRIP = NO;
				DEBUG_INFORMATION_FORMAT = dwarf;
				ENABLE_STRICT_OBJC_MSGSEND = YES;
				ENABLE_TESTABILITY = YES;
				GCC_C_LANGUAGE_STANDARD = gnu11;
				GCC_DYNAMIC_NO_PIC = NO;
				GCC_NO_COMMON_BLOCKS = YES;
				GCC_OPTIMIZATION_LEVEL = 0;
				GCC_PREPROCESSOR_DEFINITIONS = (
					"DEBUG=1",
					"$(inherited)",
				);
				GCC_WARN_64_TO_32_BIT_CONVERSION = YES;
				GCC_WARN_ABOUT_RETURN_TYPE = YES_ERROR;
				GCC_WARN_UNDECLARED_SELECTOR = YES;
				GCC_WARN_UNINITIALIZED_AUTOS = YES_AGGRESSIVE;
				GCC_WARN_UNUSED_FUNCTION = YES;
				GCC_WARN_UNUSED_VARIABLE = YES;
				IPHONEOS_DEPLOYMENT_TARGET = 13.0;
				MTL_ENABLE_DEBUG_INFO = INCLUDE_SOURCE;
				MTL_FAST_MATH = YES;
				ONLY_ACTIVE_ARCH = YES;
				SDKROOT = iphoneos;
				SWIFT_ACTIVE_COMPILATION_CONDITIONS = DEBUG;
				SWIFT_OPTIMIZATION_LEVEL = "-Onone";
			};
			name = Debug;
		};
		A710A064237076BF00F2B967 /* Release */ = {
			isa = XCBuildConfiguration;
			buildSettings = {
				ALWAYS_SEARCH_USER_PATHS = NO;
				CLANG_ANALYZER_NONNULL = YES;
				CLANG_ANALYZER_NUMBER_OBJECT_CONVERSION = YES_AGGRESSIVE;
				CLANG_CXX_LANGUAGE_STANDARD = "gnu++14";
				CLANG_CXX_LIBRARY = "libc++";
				CLANG_ENABLE_MODULES = YES;
				CLANG_ENABLE_OBJC_ARC = YES;
				CLANG_ENABLE_OBJC_WEAK = YES;
				CLANG_WARN_BLOCK_CAPTURE_AUTORELEASING = YES;
				CLANG_WARN_BOOL_CONVERSION = YES;
				CLANG_WARN_COMMA = YES;
				CLANG_WARN_CONSTANT_CONVERSION = YES;
				CLANG_WARN_DEPRECATED_OBJC_IMPLEMENTATIONS = YES;
				CLANG_WARN_DIRECT_OBJC_ISA_USAGE = YES_ERROR;
				CLANG_WARN_DOCUMENTATION_COMMENTS = YES;
				CLANG_WARN_EMPTY_BODY = YES;
				CLANG_WARN_ENUM_CONVERSION = YES;
				CLANG_WARN_INFINITE_RECURSION = YES;
				CLANG_WARN_INT_CONVERSION = YES;
				CLANG_WARN_NON_LITERAL_NULL_CONVERSION = YES;
				CLANG_WARN_OBJC_IMPLICIT_RETAIN_SELF = YES;
				CLANG_WARN_OBJC_LITERAL_CONVERSION = YES;
				CLANG_WARN_OBJC_ROOT_CLASS = YES_ERROR;
				CLANG_WARN_RANGE_LOOP_ANALYSIS = YES;
				CLANG_WARN_STRICT_PROTOTYPES = YES;
				CLANG_WARN_SUSPICIOUS_MOVE = YES;
				CLANG_WARN_UNGUARDED_AVAILABILITY = YES_AGGRESSIVE;
				CLANG_WARN_UNREACHABLE_CODE = YES;
				CLANG_WARN__DUPLICATE_METHOD_MATCH = YES;
				COPY_PHASE_STRIP = NO;
				DEBUG_INFORMATION_FORMAT = "dwarf-with-dsym";
				ENABLE_NS_ASSERTIONS = NO;
				ENABLE_STRICT_OBJC_MSGSEND = YES;
				GCC_C_LANGUAGE_STANDARD = gnu11;
				GCC_NO_COMMON_BLOCKS = YES;
				GCC_WARN_64_TO_32_BIT_CONVERSION = YES;
				GCC_WARN_ABOUT_RETURN_TYPE = YES_ERROR;
				GCC_WARN_UNDECLARED_SELECTOR = YES;
				GCC_WARN_UNINITIALIZED_AUTOS = YES_AGGRESSIVE;
				GCC_WARN_UNUSED_FUNCTION = YES;
				GCC_WARN_UNUSED_VARIABLE = YES;
				IPHONEOS_DEPLOYMENT_TARGET = 13.0;
				MTL_ENABLE_DEBUG_INFO = NO;
				MTL_FAST_MATH = YES;
				SDKROOT = iphoneos;
				SWIFT_COMPILATION_MODE = wholemodule;
				SWIFT_OPTIMIZATION_LEVEL = "-O";
				VALIDATE_PRODUCT = YES;
			};
			name = Release;
		};
		A710A066237076BF00F2B967 /* Debug */ = {
			isa = XCBuildConfiguration;
			buildSettings = {
				ASSETCATALOG_COMPILER_APPICON_NAME = AppIcon;
				CODE_SIGN_STYLE = Automatic;
				DEVELOPMENT_TEAM = KV3LVFR74A;
				INFOPLIST_FILE = Demo_LearningSwift/Info.plist;
				LD_RUNPATH_SEARCH_PATHS = (
					"$(inherited)",
					"@executable_path/Frameworks",
				);
				PRODUCT_BUNDLE_IDENTIFIER = "com.Liangyz.Demo-LearningSwift";
				PRODUCT_NAME = "$(TARGET_NAME)";
				SWIFT_VERSION = 5.0;
				TARGETED_DEVICE_FAMILY = "1,2";
			};
			name = Debug;
		};
		A710A067237076BF00F2B967 /* Release */ = {
			isa = XCBuildConfiguration;
			buildSettings = {
				ASSETCATALOG_COMPILER_APPICON_NAME = AppIcon;
				CODE_SIGN_STYLE = Automatic;
				DEVELOPMENT_TEAM = KV3LVFR74A;
				INFOPLIST_FILE = Demo_LearningSwift/Info.plist;
				LD_RUNPATH_SEARCH_PATHS = (
					"$(inherited)",
					"@executable_path/Frameworks",
				);
				PRODUCT_BUNDLE_IDENTIFIER = "com.Liangyz.Demo-LearningSwift";
				PRODUCT_NAME = "$(TARGET_NAME)";
				SWIFT_VERSION = 5.0;
				TARGETED_DEVICE_FAMILY = "1,2";
			};
			name = Release;
		};
/* End XCBuildConfiguration section */

/* Begin XCConfigurationList section */
		A710A04C237076BB00F2B967 /* Build configuration list for PBXProject "Demo_LearningSwift" */ = {
			isa = XCConfigurationList;
			buildConfigurations = (
				A710A063237076BF00F2B967 /* Debug */,
				A710A064237076BF00F2B967 /* Release */,
			);
			defaultConfigurationIsVisible = 0;
			defaultConfigurationName = Release;
		};
		A710A065237076BF00F2B967 /* Build configuration list for PBXNativeTarget "Demo_LearningSwift" */ = {
			isa = XCConfigurationList;
			buildConfigurations = (
				A710A066237076BF00F2B967 /* Debug */,
				A710A067237076BF00F2B967 /* Release */,
			);
			defaultConfigurationIsVisible = 0;
			defaultConfigurationName = Release;
		};
/* End XCConfigurationList section */
	};
	rootObject = A710A049237076BB00F2B967 /* Project object */;
}
